
Microsoft Visual Studio Solution File, Format Version 12.00
# Visual Studio Version 17
VisualStudioVersion = 17.5.002.0
MinimumVisualStudioVersion = 10.0.40219.1
Project("{9A19103F-16F7-4668-BE54-9A1E7A4F7556}") = "ContosoPizza", "ContosoPizza.csproj", "{A5045CA8-A669-4111-BE10-2B5352C58EBE}"
EndProject
Global
	GlobalSection(SolutionConfigurationPlatforms) = preSolution
		Debug|Any CPU = Debug|Any CPU
		Release|Any CPU = Release|Any CPU
	EndGlobalSection
	GlobalSection(ProjectConfigurationPlatforms) = postSolution
		{A5045CA8-A669-4111-BE10-2B5352C58EBE}.Debug|Any CPU.ActiveCfg = Debug|Any CPU
		{A5045CA8-A669-4111-BE10-2B5352C58EBE}.Debug|Any CPU.Build.0 = Debug|Any CPU
		{A5045CA8-A669-4111-BE10-2B5352C58EBE}.Release|Any CPU.ActiveCfg = Release|Any CPU
		{A5045CA8-A669-4111-BE10-2B5352C58EBE}.Release|Any CPU.Build.0 = Release|Any CPU
	EndGlobalSection
	GlobalSection(SolutionProperties) = preSolution
		HideSolutionNode = FALSE
	EndGlobalSection
	GlobalSection(ExtensibilityGlobals) = postSolution
		SolutionGuid = {8FFACED3-FB64-4D37-9D32-3023B356A375}
	EndGlobalSection
EndGlobal
